
Microsoft Visual Studio Solution File, Format Version 12.00
# Visual Studio Version 17
VisualStudioVersion = 17.3.32929.385
MinimumVisualStudioVersion = 10.0.40219.1
Project("{FAE04EC0-301F-11D3-BF4B-00C04F79EFBC}") = "Personel_Kayit", "Personel_Kayit\Personel_Kayit.csproj", "{B64EC23A-4EDA-4321-AC9C-F3442D8EF7E4}"
EndProject
Global
	GlobalSection(SolutionConfigurationPlatforms) = preSolution
		Debug|Any CPU = Debug|Any CPU
		Release|Any CPU = Release|Any CPU
	EndGlobalSection
	GlobalSection(ProjectConfigurationPlatforms) = postSolution
		{B64EC23A-4EDA-4321-AC9C-F3442D8EF7E4}.Debug|Any CPU.ActiveCfg = Debug|Any CPU
		{B64EC23A-4EDA-4321-AC9C-F3442D8EF7E4}.Debug|Any CPU.Build.0 = Debug|Any CPU
		{B64EC23A-4EDA-4321-AC9C-F3442D8EF7E4}.Release|Any CPU.ActiveCfg = Release|Any CPU
		{B64EC23A-4EDA-4321-AC9C-F3442D8EF7E4}.Release|Any CPU.Build.0 = Release|Any CPU
	EndGlobalSection
	GlobalSection(SolutionProperties) = preSolution
		HideSolutionNode = FALSE
	EndGlobalSection
	GlobalSection(ExtensibilityGlobals) = postSolution
		SolutionGuid = {C616674F-F0B5-4E32-9FC7-A86B04AFB0AF}
	EndGlobalSection
EndGlobal
